
Microsoft Visual Studio Solution File, Format Version 12.00
# Visual Studio Version 16
VisualStudioVersion = 16.0.30907.101
MinimumVisualStudioVersion = 10.0.40219.1
Project("{FAE04EC0-301F-11D3-BF4B-00C04F79EFBC}") = "HalloDataSet", "HalloDataSet\HalloDataSet.csproj", "{777F9B0B-1EB5-4D83-83CF-0CF7F3472226}"
EndProject
Global
	GlobalSection(SolutionConfigurationPlatforms) = preSolution
		Debug|Any CPU = Debug|Any CPU
		Release|Any CPU = Release|Any CPU
	EndGlobalSection
	GlobalSection(ProjectConfigurationPlatforms) = postSolution
		{777F9B0B-1EB5-4D83-83CF-0CF7F3472226}.Debug|Any CPU.ActiveCfg = Debug|Any CPU
		{777F9B0B-1EB5-4D83-83CF-0CF7F3472226}.Debug|Any CPU.Build.0 = Debug|Any CPU
		{777F9B0B-1EB5-4D83-83CF-0CF7F3472226}.Release|Any CPU.ActiveCfg = Release|Any CPU
		{777F9B0B-1EB5-4D83-83CF-0CF7F3472226}.Release|Any CPU.Build.0 = Release|Any CPU
	EndGlobalSection
	GlobalSection(SolutionProperties) = preSolution
		HideSolutionNode = FALSE
	EndGlobalSection
	GlobalSection(ExtensibilityGlobals) = postSolution
		SolutionGuid = {5B429D67-73BC-4031-97E2-1826986BE05D}
	EndGlobalSection
EndGlobal
