
Microsoft Visual Studio Solution File, Format Version 12.00
# Visual Studio Version 16
VisualStudioVersion = 16.0.30907.101
MinimumVisualStudioVersion = 10.0.40219.1
Project("{FAE04EC0-301F-11D3-BF4B-00C04F79EFBC}") = "HalloDatenbank", "HalloDatenbank\HalloDatenbank.csproj", "{491AB42A-3E92-4AB6-878F-7BDAA4C95264}"
EndProject
Global
	GlobalSection(SolutionConfigurationPlatforms) = preSolution
		Debug|Any CPU = Debug|Any CPU
		Release|Any CPU = Release|Any CPU
	EndGlobalSection
	GlobalSection(ProjectConfigurationPlatforms) = postSolution
		{491AB42A-3E92-4AB6-878F-7BDAA4C95264}.Debug|Any CPU.ActiveCfg = Debug|Any CPU
		{491AB42A-3E92-4AB6-878F-7BDAA4C95264}.Debug|Any CPU.Build.0 = Debug|Any CPU
		{491AB42A-3E92-4AB6-878F-7BDAA4C95264}.Release|Any CPU.ActiveCfg = Release|Any CPU
		{491AB42A-3E92-4AB6-878F-7BDAA4C95264}.Release|Any CPU.Build.0 = Release|Any CPU
	EndGlobalSection
	GlobalSection(SolutionProperties) = preSolution
		HideSolutionNode = FALSE
	EndGlobalSection
	GlobalSection(ExtensibilityGlobals) = postSolution
		SolutionGuid = {1CBCCE7C-E5D6-4029-B0DB-51269F5FFC95}
	EndGlobalSection
EndGlobal
